Microsoft Visual Studio Solution File, Format Version 12.00
# Visual Studio Version 17
VisualStudioVersion = 17.5.2.0
MinimumVisualStudioVersion = 10.0.40219.1
Project("{2150E333-8FDC-42A3-9474-1A3956D46DE8}") = "src", "src", "{827E0CD3-B72D-47B6-A68D-7590B98EB39B}"
EndProject
Project("{2150E333-8FDC-42A3-9474-1A3956D46DE8}") = "mssql", "mssql", "{DD42D96B-2900-D2B8-6C07-9CDF30575985}"
EndProject
Project("{FAE04EC0-301F-11D3-BF4B-00C04F79EFBC}") = "Common", "src\mssql\Common\Common.csproj", "{6FCE3B59-9871-0713-39A8-D7D396FD85B4}"
EndProject
Project("{FAE04EC0-301F-11D3-BF4B-00C04F79EFBC}") = "Products", "src\mssql\Products\Products.csproj", "{55EAB1DB-45AD-6018-0FBD-6222B86E5AF2}"
EndProject
Project("{FAE04EC0-301F-11D3-BF4B-00C04F79EFBC}") = "Products.Main", "src\azure-functions\Products.Main\Products.Main.csproj", "{66559515-FD98-4FBF-92D8-FBB7FA14A056}"
EndProject
Project("{FAE04EC0-301F-11D3-BF4B-00C04F79EFBC}") = "Products.Sendme", "src\azure-functions\Products.Sendme\Products.Sendme\Products.Sendme.csproj", "{D121E537-14E5-4AAF-9226-973158C35439}"
EndProject
Global
	GlobalSection(SolutionConfigurationPlatforms) = preSolution
		Debug|Any CPU = Debug|Any CPU
		Release|Any CPU = Release|Any CPU
	EndGlobalSection
	GlobalSection(ProjectConfigurationPlatforms) = postSolution
		{6FCE3B59-9871-0713-39A8-D7D396FD85B4}.Debug|Any CPU.ActiveCfg = Debug|Any CPU
		{6FCE3B59-9871-0713-39A8-D7D396FD85B4}.Debug|Any CPU.Build.0 = Debug|Any CPU
		{6FCE3B59-9871-0713-39A8-D7D396FD85B4}.Release|Any CPU.ActiveCfg = Release|Any CPU
		{6FCE3B59-9871-0713-39A8-D7D396FD85B4}.Release|Any CPU.Build.0 = Release|Any CPU
		{55EAB1DB-45AD-6018-0FBD-6222B86E5AF2}.Debug|Any CPU.ActiveCfg = Debug|Any CPU
		{55EAB1DB-45AD-6018-0FBD-6222B86E5AF2}.Debug|Any CPU.Build.0 = Debug|Any CPU
		{55EAB1DB-45AD-6018-0FBD-6222B86E5AF2}.Release|Any CPU.ActiveCfg = Release|Any CPU
		{55EAB1DB-45AD-6018-0FBD-6222B86E5AF2}.Release|Any CPU.Build.0 = Release|Any CPU
		{66559515-FD98-4FBF-92D8-FBB7FA14A056}.Debug|Any CPU.ActiveCfg = Debug|Any CPU
		{66559515-FD98-4FBF-92D8-FBB7FA14A056}.Debug|Any CPU.Build.0 = Debug|Any CPU
		{66559515-FD98-4FBF-92D8-FBB7FA14A056}.Release|Any CPU.ActiveCfg = Release|Any CPU
		{66559515-FD98-4FBF-92D8-FBB7FA14A056}.Release|Any CPU.Build.0 = Release|Any CPU
		{D121E537-14E5-4AAF-9226-973158C35439}.Debug|Any CPU.ActiveCfg = Debug|Any CPU
		{D121E537-14E5-4AAF-9226-973158C35439}.Debug|Any CPU.Build.0 = Debug|Any CPU
		{D121E537-14E5-4AAF-9226-973158C35439}.Release|Any CPU.ActiveCfg = Release|Any CPU
		{D121E537-14E5-4AAF-9226-973158C35439}.Release|Any CPU.Build.0 = Release|Any CPU
	EndGlobalSection
	GlobalSection(SolutionProperties) = preSolution
		HideSolutionNode = FALSE
	EndGlobalSection
	GlobalSection(NestedProjects) = preSolution
		{DD42D96B-2900-D2B8-6C07-9CDF30575985} = {827E0CD3-B72D-47B6-A68D-7590B98EB39B}
		{6FCE3B59-9871-0713-39A8-D7D396FD85B4} = {DD42D96B-2900-D2B8-6C07-9CDF30575985}
		{55EAB1DB-45AD-6018-0FBD-6222B86E5AF2} = {DD42D96B-2900-D2B8-6C07-9CDF30575985}
		{66559515-FD98-4FBF-92D8-FBB7FA14A056} = {827E0CD3-B72D-47B6-A68D-7590B98EB39B}
		{D121E537-14E5-4AAF-9226-973158C35439} = {827E0CD3-B72D-47B6-A68D-7590B98EB39B}
	EndGlobalSection
	GlobalSection(ExtensibilityGlobals) = postSolution
		SolutionGuid = {2861FC13-215B-42FE-8347-9960F143CD1F}
	EndGlobalSection
EndGlobal
